
Microsoft Visual Studio Solution File, Format Version 12.00
# Visual Studio Version 17
VisualStudioVersion = 17.13.35931.197
MinimumVisualStudioVersion = 10.0.40219.1
Project("{FAE04EC0-301F-11D3-BF4B-00C04F79EFBC}") = "Lista enlazada simple", "Lista enlazada simple\Lista enlazada simple.csproj", "{896CE42A-5796-4117-9A55-5B11B35465C9}"
EndProject
Project("{FAE04EC0-301F-11D3-BF4B-00C04F79EFBC}") = "Lista enlazada circular", "Lista enlazada circular\Lista enlazada circular.csproj", "{23E33834-E21B-42B4-B842-BD013864DB78}"
EndProject
Project("{FAE04EC0-301F-11D3-BF4B-00C04F79EFBC}") = "Lista enlazada doble", "Lista enlazada doble\Lista enlazada doble.csproj", "{A1D16C62-E1E7-44A8-AA44-8076D6DA85A6}"
EndProject
Global
	GlobalSection(SolutionConfigurationPlatforms) = preSolution
		Debug|Any CPU = Debug|Any CPU
		Release|Any CPU = Release|Any CPU
	EndGlobalSection
	GlobalSection(ProjectConfigurationPlatforms) = postSolution
		{896CE42A-5796-4117-9A55-5B11B35465C9}.Debug|Any CPU.ActiveCfg = Debug|Any CPU
		{896CE42A-5796-4117-9A55-5B11B35465C9}.Debug|Any CPU.Build.0 = Debug|Any CPU
		{896CE42A-5796-4117-9A55-5B11B35465C9}.Release|Any CPU.ActiveCfg = Release|Any CPU
		{896CE42A-5796-4117-9A55-5B11B35465C9}.Release|Any CPU.Build.0 = Release|Any CPU
		{23E33834-E21B-42B4-B842-BD013864DB78}.Debug|Any CPU.ActiveCfg = Debug|Any CPU
		{23E33834-E21B-42B4-B842-BD013864DB78}.Debug|Any CPU.Build.0 = Debug|Any CPU
		{23E33834-E21B-42B4-B842-BD013864DB78}.Release|Any CPU.ActiveCfg = Release|Any CPU
		{23E33834-E21B-42B4-B842-BD013864DB78}.Release|Any CPU.Build.0 = Release|Any CPU
		{A1D16C62-E1E7-44A8-AA44-8076D6DA85A6}.Debug|Any CPU.ActiveCfg = Debug|Any CPU
		{A1D16C62-E1E7-44A8-AA44-8076D6DA85A6}.Debug|Any CPU.Build.0 = Debug|Any CPU
		{A1D16C62-E1E7-44A8-AA44-8076D6DA85A6}.Release|Any CPU.ActiveCfg = Release|Any CPU
		{A1D16C62-E1E7-44A8-AA44-8076D6DA85A6}.Release|Any CPU.Build.0 = Release|Any CPU
	EndGlobalSection
	GlobalSection(SolutionProperties) = preSolution
		HideSolutionNode = FALSE
	EndGlobalSection
	GlobalSection(ExtensibilityGlobals) = postSolution
		SolutionGuid = {68DBAFBE-08CE-43CD-9F04-B16E67FAD839}
	EndGlobalSection
EndGlobal
