
Microsoft Visual Studio Solution File, Format Version 12.00
# Visual Studio Version 17
VisualStudioVersion = 17.13.35931.197
MinimumVisualStudioVersion = 10.0.40219.1
Project("{FAE04EC0-301F-11D3-BF4B-00C04F79EFBC}") = "Lista enlazada simple", "Lista enlazada simple\Lista enlazada simple.csproj", "{896CE42A-5796-4117-9A55-5B11B35465C9}"
EndProject
Project("{FAE04EC0-301F-11D3-BF4B-00C04F79EFBC}") = "Lista enlazada circular", "Lista enlazada circular\Lista enlazada circular.csproj", "{23E33834-E21B-42B4-B842-BD013864DB78}"
EndProject
Project("{FAE04EC0-301F-11D3-BF4B-00C04F79EFBC}") = "Lista enlazada doble", "Lista enlazada doble\Lista enlazada doble.csproj", "{A1D16C62-E1E7-44A8-AA44-8076D6DA85A6}"
EndProject
Project("{FAE04EC0-301F-11D3-BF4B-00C04F79EFBC}") = "Lista enlazada doble SP", "Lista enlazada doble SP\Lista enlazada doble SP.csproj", "{BB55FAC2-5FE2-43E8-B3A8-30261F333661}"
EndProject
Project("{FAE04EC0-301F-11D3-BF4B-00C04F79EFBC}") = "Pilas-Stack", "Pilas-Stack\Pilas-Stack.csproj", "{53E31C32-0DE7-49D7-8B37-056C435A7A33}"
EndProject
Project("{FAE04EC0-301F-11D3-BF4B-00C04F79EFBC}") = "CASO1-T1", "CASO1-T1\CASO1-T1.csproj", "{4F305D42-A52F-463C-A1AE-CE2DFE14ABA8}"
EndProject
Project("{FAE04EC0-301F-11D3-BF4B-00C04F79EFBC}") = "Arbol binario", "Arbol binario\Arbol binario.csproj", "{359946AD-EBC2-4512-8488-1563D470C527}"
EndProject
Project("{FAE04EC0-301F-11D3-BF4B-00C04F79EFBC}") = "Arbol Binario Busqueda", "Arbol Binario Busqueda\Arbol Binario Busqueda.csproj", "{8772AB37-90C4-470C-A77D-13F8AAA82E5E}"
EndProject
Project("{FAE04EC0-301F-11D3-BF4B-00C04F79EFBC}") = "ABB2", "ABB2\ABB2.csproj", "{763E36C9-2635-46B8-8922-CE8215148661}"
EndProject
Project("{FAE04EC0-301F-11D3-BF4B-00C04F79EFBC}") = "ABB3", "ABB3\ABB3.csproj", "{3EAC65C7-17EB-4BC6-AAC8-E3F48BABC9C0}"
EndProject
Project("{FAE04EC0-301F-11D3-BF4B-00C04F79EFBC}") = "GrafoAdyacencia", "GrafoAdyacencia\GrafoAdyacencia.csproj", "{09E2A286-5927-4DFC-8430-4080A50D5780}"
EndProject
Project("{FAE04EC0-301F-11D3-BF4B-00C04F79EFBC}") = "GrafoDijsktra", "GrafoDijsktra\GrafoDijsktra.csproj", "{DADD058B-FD7F-4C5C-B1EF-779C02D82516}"
EndProject
Project("{FAE04EC0-301F-11D3-BF4B-00C04F79EFBC}") = "GrafoFloyd", "GrafoFloyd\GrafoFloyd.csproj", "{631D6A94-C5FA-4F05-9F1B-C2D243112919}"
EndProject
Project("{FAE04EC0-301F-11D3-BF4B-00C04F79EFBC}") = "GrafoPrim", "GrafoPrim\GrafoPrim.csproj", "{0063615E-4E82-4091-A397-C9E3958F2736}"
EndProject
Global
	GlobalSection(SolutionConfigurationPlatforms) = preSolution
		Debug|Any CPU = Debug|Any CPU
		Release|Any CPU = Release|Any CPU
	EndGlobalSection
	GlobalSection(ProjectConfigurationPlatforms) = postSolution
		{896CE42A-5796-4117-9A55-5B11B35465C9}.Debug|Any CPU.ActiveCfg = Debug|Any CPU
		{896CE42A-5796-4117-9A55-5B11B35465C9}.Debug|Any CPU.Build.0 = Debug|Any CPU
		{896CE42A-5796-4117-9A55-5B11B35465C9}.Release|Any CPU.ActiveCfg = Release|Any CPU
		{896CE42A-5796-4117-9A55-5B11B35465C9}.Release|Any CPU.Build.0 = Release|Any CPU
		{23E33834-E21B-42B4-B842-BD013864DB78}.Debug|Any CPU.ActiveCfg = Debug|Any CPU
		{23E33834-E21B-42B4-B842-BD013864DB78}.Debug|Any CPU.Build.0 = Debug|Any CPU
		{23E33834-E21B-42B4-B842-BD013864DB78}.Release|Any CPU.ActiveCfg = Release|Any CPU
		{23E33834-E21B-42B4-B842-BD013864DB78}.Release|Any CPU.Build.0 = Release|Any CPU
		{A1D16C62-E1E7-44A8-AA44-8076D6DA85A6}.Debug|Any CPU.ActiveCfg = Debug|Any CPU
		{A1D16C62-E1E7-44A8-AA44-8076D6DA85A6}.Debug|Any CPU.Build.0 = Debug|Any CPU
		{A1D16C62-E1E7-44A8-AA44-8076D6DA85A6}.Release|Any CPU.ActiveCfg = Release|Any CPU
		{A1D16C62-E1E7-44A8-AA44-8076D6DA85A6}.Release|Any CPU.Build.0 = Release|Any CPU
		{BB55FAC2-5FE2-43E8-B3A8-30261F333661}.Debug|Any CPU.ActiveCfg = Debug|Any CPU
		{BB55FAC2-5FE2-43E8-B3A8-30261F333661}.Debug|Any CPU.Build.0 = Debug|Any CPU
		{BB55FAC2-5FE2-43E8-B3A8-30261F333661}.Release|Any CPU.ActiveCfg = Release|Any CPU
		{BB55FAC2-5FE2-43E8-B3A8-30261F333661}.Release|Any CPU.Build.0 = Release|Any CPU
		{53E31C32-0DE7-49D7-8B37-056C435A7A33}.Debug|Any CPU.ActiveCfg = Debug|Any CPU
		{53E31C32-0DE7-49D7-8B37-056C435A7A33}.Debug|Any CPU.Build.0 = Debug|Any CPU
		{53E31C32-0DE7-49D7-8B37-056C435A7A33}.Release|Any CPU.ActiveCfg = Release|Any CPU
		{53E31C32-0DE7-49D7-8B37-056C435A7A33}.Release|Any CPU.Build.0 = Release|Any CPU
		{4F305D42-A52F-463C-A1AE-CE2DFE14ABA8}.Debug|Any CPU.ActiveCfg = Debug|Any CPU
		{4F305D42-A52F-463C-A1AE-CE2DFE14ABA8}.Debug|Any CPU.Build.0 = Debug|Any CPU
		{4F305D42-A52F-463C-A1AE-CE2DFE14ABA8}.Release|Any CPU.ActiveCfg = Release|Any CPU
		{4F305D42-A52F-463C-A1AE-CE2DFE14ABA8}.Release|Any CPU.Build.0 = Release|Any CPU
		{359946AD-EBC2-4512-8488-1563D470C527}.Debug|Any CPU.ActiveCfg = Debug|Any CPU
		{359946AD-EBC2-4512-8488-1563D470C527}.Debug|Any CPU.Build.0 = Debug|Any CPU
		{359946AD-EBC2-4512-8488-1563D470C527}.Release|Any CPU.ActiveCfg = Release|Any CPU
		{359946AD-EBC2-4512-8488-1563D470C527}.Release|Any CPU.Build.0 = Release|Any CPU
		{8772AB37-90C4-470C-A77D-13F8AAA82E5E}.Debug|Any CPU.ActiveCfg = Debug|Any CPU
		{8772AB37-90C4-470C-A77D-13F8AAA82E5E}.Debug|Any CPU.Build.0 = Debug|Any CPU
		{8772AB37-90C4-470C-A77D-13F8AAA82E5E}.Release|Any CPU.ActiveCfg = Release|Any CPU
		{8772AB37-90C4-470C-A77D-13F8AAA82E5E}.Release|Any CPU.Build.0 = Release|Any CPU
		{763E36C9-2635-46B8-8922-CE8215148661}.Debug|Any CPU.ActiveCfg = Debug|Any CPU
		{763E36C9-2635-46B8-8922-CE8215148661}.Debug|Any CPU.Build.0 = Debug|Any CPU
		{763E36C9-2635-46B8-8922-CE8215148661}.Release|Any CPU.ActiveCfg = Release|Any CPU
		{763E36C9-2635-46B8-8922-CE8215148661}.Release|Any CPU.Build.0 = Release|Any CPU
		{3EAC65C7-17EB-4BC6-AAC8-E3F48BABC9C0}.Debug|Any CPU.ActiveCfg = Debug|Any CPU
		{3EAC65C7-17EB-4BC6-AAC8-E3F48BABC9C0}.Debug|Any CPU.Build.0 = Debug|Any CPU
		{3EAC65C7-17EB-4BC6-AAC8-E3F48BABC9C0}.Release|Any CPU.ActiveCfg = Release|Any CPU
		{3EAC65C7-17EB-4BC6-AAC8-E3F48BABC9C0}.Release|Any CPU.Build.0 = Release|Any CPU
		{09E2A286-5927-4DFC-8430-4080A50D5780}.Debug|Any CPU.ActiveCfg = Debug|Any CPU
		{09E2A286-5927-4DFC-8430-4080A50D5780}.Debug|Any CPU.Build.0 = Debug|Any CPU
		{09E2A286-5927-4DFC-8430-4080A50D5780}.Release|Any CPU.ActiveCfg = Release|Any CPU
		{09E2A286-5927-4DFC-8430-4080A50D5780}.Release|Any CPU.Build.0 = Release|Any CPU
		{DADD058B-FD7F-4C5C-B1EF-779C02D82516}.Debug|Any CPU.ActiveCfg = Debug|Any CPU
		{DADD058B-FD7F-4C5C-B1EF-779C02D82516}.Debug|Any CPU.Build.0 = Debug|Any CPU
		{DADD058B-FD7F-4C5C-B1EF-779C02D82516}.Release|Any CPU.ActiveCfg = Release|Any CPU
		{DADD058B-FD7F-4C5C-B1EF-779C02D82516}.Release|Any CPU.Build.0 = Release|Any CPU
		{631D6A94-C5FA-4F05-9F1B-C2D243112919}.Debug|Any CPU.ActiveCfg = Debug|Any CPU
		{631D6A94-C5FA-4F05-9F1B-C2D243112919}.Debug|Any CPU.Build.0 = Debug|Any CPU
		{631D6A94-C5FA-4F05-9F1B-C2D243112919}.Release|Any CPU.ActiveCfg = Release|Any CPU
		{631D6A94-C5FA-4F05-9F1B-C2D243112919}.Release|Any CPU.Build.0 = Release|Any CPU
		{0063615E-4E82-4091-A397-C9E3958F2736}.Debug|Any CPU.ActiveCfg = Debug|Any CPU
		{0063615E-4E82-4091-A397-C9E3958F2736}.Debug|Any CPU.Build.0 = Debug|Any CPU
		{0063615E-4E82-4091-A397-C9E3958F2736}.Release|Any CPU.ActiveCfg = Release|Any CPU
		{0063615E-4E82-4091-A397-C9E3958F2736}.Release|Any CPU.Build.0 = Release|Any CPU
	EndGlobalSection
	GlobalSection(SolutionProperties) = preSolution
		HideSolutionNode = FALSE
	EndGlobalSection
	GlobalSection(ExtensibilityGlobals) = postSolution
		SolutionGuid = {68DBAFBE-08CE-43CD-9F04-B16E67FAD839}
	EndGlobalSection
EndGlobal
